
Microsoft Visual Studio Solution File, Format Version 12.00
# Visual Studio Version 16
VisualStudioVersion = 16.0.30114.105
MinimumVisualStudioVersion = 10.0.40219.1
Project("{FAE04EC0-301F-11D3-BF4B-00C04F79EFBC}") = "Todo.Api", "Todo.Api\Todo.Api.csproj", "{3D669630-247D-4477-942B-CB98CFEC87DA}"
EndProject
Project("{FAE04EC0-301F-11D3-BF4B-00C04F79EFBC}") = "Todo.Tests", "Todo.Tests\Todo.Tests.csproj", "{EE6A0C68-93FE-4274-8708-B8C3F1CE824F}"
EndProject
Global
	GlobalSection(SolutionConfigurationPlatforms) = preSolution
		Debug|Any CPU = Debug|Any CPU
		Release|Any CPU = Release|Any CPU
	EndGlobalSection
	GlobalSection(SolutionProperties) = preSolution
		HideSolutionNode = FALSE
	EndGlobalSection
	GlobalSection(ProjectConfigurationPlatforms) = postSolution
		{3D669630-247D-4477-942B-CB98CFEC87DA}.Debug|Any CPU.ActiveCfg = Debug|Any CPU
		{3D669630-247D-4477-942B-CB98CFEC87DA}.Debug|Any CPU.Build.0 = Debug|Any CPU
		{3D669630-247D-4477-942B-CB98CFEC87DA}.Release|Any CPU.ActiveCfg = Release|Any CPU
		{3D669630-247D-4477-942B-CB98CFEC87DA}.Release|Any CPU.Build.0 = Release|Any CPU
		{EE6A0C68-93FE-4274-8708-B8C3F1CE824F}.Debug|Any CPU.ActiveCfg = Debug|Any CPU
		{EE6A0C68-93FE-4274-8708-B8C3F1CE824F}.Debug|Any CPU.Build.0 = Debug|Any CPU
		{EE6A0C68-93FE-4274-8708-B8C3F1CE824F}.Release|Any CPU.ActiveCfg = Release|Any CPU
		{EE6A0C68-93FE-4274-8708-B8C3F1CE824F}.Release|Any CPU.Build.0 = Release|Any CPU
	EndGlobalSection
EndGlobal
